
Microsoft Visual Studio Solution File, Format Version 12.00
# Visual Studio Version 16
VisualStudioVersion = 16.0.32630.194
MinimumVisualStudioVersion = 10.0.40219.1
Project("{FAE04EC0-301F-11D3-BF4B-00C04F79EFBC}") = "POS", "POS.csproj", "{4324E9C2-30CC-40DB-9C7E-BC3B46364672}"
EndProject
Project("{FAE04EC0-301F-11D3-BF4B-00C04F79EFBC}") = "DATA-EF", "..\DATA-EF\DATA-EF.csproj", "{130EDAB8-BD80-4D4C-94C0-4EE8AABC7B26}"
EndProject
Project("{FAE04EC0-301F-11D3-BF4B-00C04F79EFBC}") = "DAL", "..\DAL\DAL.csproj", "{B1574C24-4682-4E61-B339-A266512696D4}"
EndProject
Project("{FAE04EC0-301F-11D3-BF4B-00C04F79EFBC}") = "BL", "..\BL\BL.csproj", "{2ED97B26-FC21-41D8-8D8A-4C4095C6FAC7}"
EndProject
Project("{FAE04EC0-301F-11D3-BF4B-00C04F79EFBC}") = "DATA-Models", "..\DATA-Models\DATA-Models.csproj", "{A0CE23BB-CE41-43C5-A1E6-A83A4D26C07D}"
EndProject
Global
	GlobalSection(SolutionConfigurationPlatforms) = preSolution
		Debug|Any CPU = Debug|Any CPU
		Release|Any CPU = Release|Any CPU
	EndGlobalSection
	GlobalSection(ProjectConfigurationPlatforms) = postSolution
		{4324E9C2-30CC-40DB-9C7E-BC3B46364672}.Debug|Any CPU.ActiveCfg = Debug|Any CPU
		{4324E9C2-30CC-40DB-9C7E-BC3B46364672}.Debug|Any CPU.Build.0 = Debug|Any CPU
		{4324E9C2-30CC-40DB-9C7E-BC3B46364672}.Release|Any CPU.ActiveCfg = Release|Any CPU
		{4324E9C2-30CC-40DB-9C7E-BC3B46364672}.Release|Any CPU.Build.0 = Release|Any CPU
		{130EDAB8-BD80-4D4C-94C0-4EE8AABC7B26}.Debug|Any CPU.ActiveCfg = Debug|Any CPU
		{130EDAB8-BD80-4D4C-94C0-4EE8AABC7B26}.Debug|Any CPU.Build.0 = Debug|Any CPU
		{130EDAB8-BD80-4D4C-94C0-4EE8AABC7B26}.Release|Any CPU.ActiveCfg = Release|Any CPU
		{130EDAB8-BD80-4D4C-94C0-4EE8AABC7B26}.Release|Any CPU.Build.0 = Release|Any CPU
		{B1574C24-4682-4E61-B339-A266512696D4}.Debug|Any CPU.ActiveCfg = Debug|Any CPU
		{B1574C24-4682-4E61-B339-A266512696D4}.Debug|Any CPU.Build.0 = Debug|Any CPU
		{B1574C24-4682-4E61-B339-A266512696D4}.Release|Any CPU.ActiveCfg = Release|Any CPU
		{B1574C24-4682-4E61-B339-A266512696D4}.Release|Any CPU.Build.0 = Release|Any CPU
		{2ED97B26-FC21-41D8-8D8A-4C4095C6FAC7}.Debug|Any CPU.ActiveCfg = Debug|Any CPU
		{2ED97B26-FC21-41D8-8D8A-4C4095C6FAC7}.Debug|Any CPU.Build.0 = Debug|Any CPU
		{2ED97B26-FC21-41D8-8D8A-4C4095C6FAC7}.Release|Any CPU.ActiveCfg = Release|Any CPU
		{2ED97B26-FC21-41D8-8D8A-4C4095C6FAC7}.Release|Any CPU.Build.0 = Release|Any CPU
		{A0CE23BB-CE41-43C5-A1E6-A83A4D26C07D}.Debug|Any CPU.ActiveCfg = Debug|Any CPU
		{A0CE23BB-CE41-43C5-A1E6-A83A4D26C07D}.Debug|Any CPU.Build.0 = Debug|Any CPU
		{A0CE23BB-CE41-43C5-A1E6-A83A4D26C07D}.Release|Any CPU.ActiveCfg = Release|Any CPU
		{A0CE23BB-CE41-43C5-A1E6-A83A4D26C07D}.Release|Any CPU.Build.0 = Release|Any CPU
	EndGlobalSection
	GlobalSection(SolutionProperties) = preSolution
		HideSolutionNode = FALSE
	EndGlobalSection
	GlobalSection(ExtensibilityGlobals) = postSolution
		SolutionGuid = {4FBCC977-BB76-4E46-B434-68ABFC99071D}
	EndGlobalSection
EndGlobal
